
Microsoft Visual Studio Solution File, Format Version 12.00
# Visual Studio Version 17
VisualStudioVersion = 17.0.31903.59
MinimumVisualStudioVersion = 10.0.40219.1
Project("{2150E333-8FDC-42A3-9474-1A3956D46DE8}") = "src", "src", "{827E0CD3-B72D-47B6-A68D-7590B98EB39B}"
EndProject
Project("{FAE04EC0-301F-11D3-BF4B-00C04F79EFBC}") = "RatnaBay.Game", "src\RatnaBay.Game\RatnaBay.Game.csproj", "{DDECAA9D-AE44-452B-B176-E3E64539A8C3}"
EndProject
Project("{FAE04EC0-301F-11D3-BF4B-00C04F79EFBC}") = "RatnaBay.Domain", "src\RatnaBay.Domain\RatnaBay.Domain.csproj", "{3F9390CC-B27D-4187-B5AD-9E75B9762414}"
EndProject
Project("{FAE04EC0-301F-11D3-BF4B-00C04F79EFBC}") = "RatnaBay.Tools", "tools\RatnaBay.Tools\RatnaBay.Tools.csproj", "{E1DB2E43-DCAF-471F-926A-D9B9D241C261}"
EndProject
Project("{FAE04EC0-301F-11D3-BF4B-00C04F79EFBC}") = "RatnaBay.Domain.Tests", "tests\RatnaBay.Domain.Tests\RatnaBay.Domain.Tests.csproj", "{BF1CB6A5-69A9-4869-B9AA-07A2D9B2EFB5}"
EndProject
Global
	GlobalSection(SolutionConfigurationPlatforms) = preSolution
		Debug|Any CPU = Debug|Any CPU
		Debug|x64 = Debug|x64
		Debug|x86 = Debug|x86
		Release|Any CPU = Release|Any CPU
		Release|x64 = Release|x64
		Release|x86 = Release|x86
	EndGlobalSection
	GlobalSection(ProjectConfigurationPlatforms) = postSolution
		{DDECAA9D-AE44-452B-B176-E3E64539A8C3}.Debug|Any CPU.ActiveCfg = Debug|Any CPU
		{DDECAA9D-AE44-452B-B176-E3E64539A8C3}.Debug|Any CPU.Build.0 = Debug|Any CPU
		{DDECAA9D-AE44-452B-B176-E3E64539A8C3}.Debug|x64.ActiveCfg = Debug|Any CPU
		{DDECAA9D-AE44-452B-B176-E3E64539A8C3}.Debug|x64.Build.0 = Debug|Any CPU
		{DDECAA9D-AE44-452B-B176-E3E64539A8C3}.Debug|x86.ActiveCfg = Debug|Any CPU
		{DDECAA9D-AE44-452B-B176-E3E64539A8C3}.Debug|x86.Build.0 = Debug|Any CPU
		{DDECAA9D-AE44-452B-B176-E3E64539A8C3}.Release|Any CPU.ActiveCfg = Release|Any CPU
		{DDECAA9D-AE44-452B-B176-E3E64539A8C3}.Release|Any CPU.Build.0 = Release|Any CPU
		{DDECAA9D-AE44-452B-B176-E3E64539A8C3}.Release|x64.ActiveCfg = Release|Any CPU
		{DDECAA9D-AE44-452B-B176-E3E64539A8C3}.Release|x64.Build.0 = Release|Any CPU
		{DDECAA9D-AE44-452B-B176-E3E64539A8C3}.Release|x86.ActiveCfg = Release|Any CPU
		{DDECAA9D-AE44-452B-B176-E3E64539A8C3}.Release|x86.Build.0 = Release|Any CPU
		{3F9390CC-B27D-4187-B5AD-9E75B9762414}.Debug|Any CPU.ActiveCfg = Debug|Any CPU
		{3F9390CC-B27D-4187-B5AD-9E75B9762414}.Debug|Any CPU.Build.0 = Debug|Any CPU
		{3F9390CC-B27D-4187-B5AD-9E75B9762414}.Debug|x64.ActiveCfg = Debug|Any CPU
		{3F9390CC-B27D-4187-B5AD-9E75B9762414}.Debug|x64.Build.0 = Debug|Any CPU
		{3F9390CC-B27D-4187-B5AD-9E75B9762414}.Debug|x86.ActiveCfg = Debug|Any CPU
		{3F9390CC-B27D-4187-B5AD-9E75B9762414}.Debug|x86.Build.0 = Debug|Any CPU
		{3F9390CC-B27D-4187-B5AD-9E75B9762414}.Release|Any CPU.ActiveCfg = Release|Any CPU
		{3F9390CC-B27D-4187-B5AD-9E75B9762414}.Release|Any CPU.Build.0 = Release|Any CPU
		{3F9390CC-B27D-4187-B5AD-9E75B9762414}.Release|x64.ActiveCfg = Release|Any CPU
		{3F9390CC-B27D-4187-B5AD-9E75B9762414}.Release|x64.Build.0 = Release|Any CPU
		{3F9390CC-B27D-4187-B5AD-9E75B9762414}.Release|x86.ActiveCfg = Release|Any CPU
		{3F9390CC-B27D-4187-B5AD-9E75B9762414}.Release|x86.Build.0 = Release|Any CPU
		{E1DB2E43-DCAF-471F-926A-D9B9D241C261}.Debug|Any CPU.ActiveCfg = Debug|Any CPU
		{E1DB2E43-DCAF-471F-926A-D9B9D241C261}.Debug|Any CPU.Build.0 = Debug|Any CPU
		{E1DB2E43-DCAF-471F-926A-D9B9D241C261}.Debug|x64.ActiveCfg = Debug|Any CPU
		{E1DB2E43-DCAF-471F-926A-D9B9D241C261}.Debug|x64.Build.0 = Debug|Any CPU
		{E1DB2E43-DCAF-471F-926A-D9B9D241C261}.Debug|x86.ActiveCfg = Debug|Any CPU
		{E1DB2E43-DCAF-471F-926A-D9B9D241C261}.Debug|x86.Build.0 = Debug|Any CPU
		{E1DB2E43-DCAF-471F-926A-D9B9D241C261}.Release|Any CPU.ActiveCfg = Release|Any CPU
		{E1DB2E43-DCAF-471F-926A-D9B9D241C261}.Release|Any CPU.Build.0 = Release|Any CPU
		{E1DB2E43-DCAF-471F-926A-D9B9D241C261}.Release|x64.ActiveCfg = Release|Any CPU
		{E1DB2E43-DCAF-471F-926A-D9B9D241C261}.Release|x64.Build.0 = Release|Any CPU
		{E1DB2E43-DCAF-471F-926A-D9B9D241C261}.Release|x86.ActiveCfg = Release|Any CPU
		{E1DB2E43-DCAF-471F-926A-D9B9D241C261}.Release|x86.Build.0 = Release|Any CPU
		{BF1CB6A5-69A9-4869-B9AA-07A2D9B2EFB5}.Debug|Any CPU.ActiveCfg = Debug|Any CPU
		{BF1CB6A5-69A9-4869-B9AA-07A2D9B2EFB5}.Debug|Any CPU.Build.0 = Debug|Any CPU
		{BF1CB6A5-69A9-4869-B9AA-07A2D9B2EFB5}.Debug|x64.ActiveCfg = Debug|Any CPU
		{BF1CB6A5-69A9-4869-B9AA-07A2D9B2EFB5}.Debug|x64.Build.0 = Debug|Any CPU
		{BF1CB6A5-69A9-4869-B9AA-07A2D9B2EFB5}.Debug|x86.ActiveCfg = Debug|Any CPU
		{BF1CB6A5-69A9-4869-B9AA-07A2D9B2EFB5}.Debug|x86.Build.0 = Debug|Any CPU
		{BF1CB6A5-69A9-4869-B9AA-07A2D9B2EFB5}.Release|Any CPU.ActiveCfg = Release|Any CPU
		{BF1CB6A5-69A9-4869-B9AA-07A2D9B2EFB5}.Release|Any CPU.Build.0 = Release|Any CPU
		{BF1CB6A5-69A9-4869-B9AA-07A2D9B2EFB5}.Release|x64.ActiveCfg = Release|Any CPU
		{BF1CB6A5-69A9-4869-B9AA-07A2D9B2EFB5}.Release|x64.Build.0 = Release|Any CPU
		{BF1CB6A5-69A9-4869-B9AA-07A2D9B2EFB5}.Release|x86.ActiveCfg = Release|Any CPU
		{BF1CB6A5-69A9-4869-B9AA-07A2D9B2EFB5}.Release|x86.Build.0 = Release|Any CPU
	EndGlobalSection
	GlobalSection(SolutionProperties) = preSolution
		HideSolutionNode = FALSE
	EndGlobalSection
	GlobalSection(NestedProjects) = preSolution
		{DDECAA9D-AE44-452B-B176-E3E64539A8C3} = {827E0CD3-B72D-47B6-A68D-7590B98EB39B}
		{3F9390CC-B27D-4187-B5AD-9E75B9762414} = {827E0CD3-B72D-47B6-A68D-7590B98EB39B}
		{E1DB2E43-DCAF-471F-926A-D9B9D241C261} = {827E0CD3-B72D-47B6-A68D-7590B98EB39B}
		{BF1CB6A5-69A9-4869-B9AA-07A2D9B2EFB5} = {827E0CD3-B72D-47B6-A68D-7590B98EB39B}
	EndGlobalSection
EndGlobal
